
Microsoft Visual Studio Solution File, Format Version 12.00
# Visual Studio Version 16
VisualStudioVersion = 16.0.28803.352
MinimumVisualStudioVersion = 10.0.40219.1
Project("{FAE04EC0-301F-11D3-BF4B-00C04F79EFBC}") = "shortWay", "shortWay\shortWay.csproj", "{A20637B4-1A02-4952-B172-C78824898467}"
EndProject
Global
	GlobalSection(SolutionConfigurationPlatforms) = preSolution
		Debug|Any CPU = Debug|Any CPU
		Debug|x64 = Debug|x64
		Debug|x86 = Debug|x86
		Release|Any CPU = Release|Any CPU
		Release|x64 = Release|x64
		Release|x86 = Release|x86
	EndGlobalSection
	GlobalSection(ProjectConfigurationPlatforms) = postSolution
		{A20637B4-1A02-4952-B172-C78824898467}.Debug|Any CPU.ActiveCfg = Debug|Any CPU
		{A20637B4-1A02-4952-B172-C78824898467}.Debug|Any CPU.Build.0 = Debug|Any CPU
		{A20637B4-1A02-4952-B172-C78824898467}.Debug|x64.ActiveCfg = Debug|Any CPU
		{A20637B4-1A02-4952-B172-C78824898467}.Debug|x64.Build.0 = Debug|Any CPU
		{A20637B4-1A02-4952-B172-C78824898467}.Debug|x86.ActiveCfg = Debug|Any CPU
		{A20637B4-1A02-4952-B172-C78824898467}.Debug|x86.Build.0 = Debug|Any CPU
		{A20637B4-1A02-4952-B172-C78824898467}.Release|Any CPU.ActiveCfg = Release|Any CPU
		{A20637B4-1A02-4952-B172-C78824898467}.Release|Any CPU.Build.0 = Release|Any CPU
		{A20637B4-1A02-4952-B172-C78824898467}.Release|x64.ActiveCfg = Release|Any CPU
		{A20637B4-1A02-4952-B172-C78824898467}.Release|x64.Build.0 = Release|Any CPU
		{A20637B4-1A02-4952-B172-C78824898467}.Release|x86.ActiveCfg = Release|Any CPU
		{A20637B4-1A02-4952-B172-C78824898467}.Release|x86.Build.0 = Release|Any CPU
	EndGlobalSection
	GlobalSection(SolutionProperties) = preSolution
		HideSolutionNode = FALSE
	EndGlobalSection
	GlobalSection(ExtensibilityGlobals) = postSolution
		SolutionGuid = {7668326E-3B3D-4875-A341-21D2C49374F1}
	EndGlobalSection
EndGlobal
